
Microsoft Visual Studio Solution File, Format Version 12.00
# Visual Studio Version 17
VisualStudioVersion = 17.3.32929.385
MinimumVisualStudioVersion = 10.0.40219.1
Project("{9A19103F-16F7-4668-BE54-9A1E7A4F7556}") = "Hot Desc", "Hot Desc\Hot Desc.csproj", "{F352E094-BCA4-485F-83D7-643F287A876C}"
EndProject
Global
	GlobalSection(SolutionConfigurationPlatforms) = preSolution
		Debug|Any CPU = Debug|Any CPU
		Release|Any CPU = Release|Any CPU
	EndGlobalSection
	GlobalSection(ProjectConfigurationPlatforms) = postSolution
		{F352E094-BCA4-485F-83D7-643F287A876C}.Debug|Any CPU.ActiveCfg = Debug|Any CPU
		{F352E094-BCA4-485F-83D7-643F287A876C}.Debug|Any CPU.Build.0 = Debug|Any CPU
		{F352E094-BCA4-485F-83D7-643F287A876C}.Release|Any CPU.ActiveCfg = Release|Any CPU
		{F352E094-BCA4-485F-83D7-643F287A876C}.Release|Any CPU.Build.0 = Release|Any CPU
	EndGlobalSection
	GlobalSection(SolutionProperties) = preSolution
		HideSolutionNode = FALSE
	EndGlobalSection
	GlobalSection(ExtensibilityGlobals) = postSolution
		SolutionGuid = {C77E14FB-A745-4613-91D8-62383FC3636E}
	EndGlobalSection
EndGlobal
